
Microsoft Visual Studio Solution File, Format Version 12.00
# Visual Studio Version 17
VisualStudioVersion = 17.0.31903.59
MinimumVisualStudioVersion = 10.0.40219.1
Project("{FAE04EC0-301F-11D3-BF4B-00C04F79EFBC}") = "AhamadFramWorkLogger", "AhamadFramWorkLogger\AhamadFramWorkLogger.csproj", "{3E51EC64-8505-44C6-8A10-CBB06EBACC14}"
EndProject
Project("{FAE04EC0-301F-11D3-BF4B-00C04F79EFBC}") = "TestLogger", "TestLogger\TestLogger.csproj", "{0C3B5C50-F5B5-4A6D-AB00-B46BD343C991}"
EndProject
Global
	GlobalSection(SolutionConfigurationPlatforms) = preSolution
		Debug|Any CPU = Debug|Any CPU
		Release|Any CPU = Release|Any CPU
	EndGlobalSection
	GlobalSection(ProjectConfigurationPlatforms) = postSolution
		{3E51EC64-8505-44C6-8A10-CBB06EBACC14}.Debug|Any CPU.ActiveCfg = Debug|Any CPU
		{3E51EC64-8505-44C6-8A10-CBB06EBACC14}.Debug|Any CPU.Build.0 = Debug|Any CPU
		{3E51EC64-8505-44C6-8A10-CBB06EBACC14}.Release|Any CPU.ActiveCfg = Release|Any CPU
		{3E51EC64-8505-44C6-8A10-CBB06EBACC14}.Release|Any CPU.Build.0 = Release|Any CPU
		{0C3B5C50-F5B5-4A6D-AB00-B46BD343C991}.Debug|Any CPU.ActiveCfg = Debug|Any CPU
		{0C3B5C50-F5B5-4A6D-AB00-B46BD343C991}.Debug|Any CPU.Build.0 = Debug|Any CPU
		{0C3B5C50-F5B5-4A6D-AB00-B46BD343C991}.Release|Any CPU.ActiveCfg = Release|Any CPU
		{0C3B5C50-F5B5-4A6D-AB00-B46BD343C991}.Release|Any CPU.Build.0 = Release|Any CPU
	EndGlobalSection
	GlobalSection(SolutionProperties) = preSolution
		HideSolutionNode = FALSE
	EndGlobalSection
	GlobalSection(ExtensibilityGlobals) = postSolution
		SolutionGuid = {29AFC80B-5481-4693-98EA-A16679887DE8}
	EndGlobalSection
EndGlobal
